
Microsoft Visual Studio Solution File, Format Version 12.00
# Visual Studio Version 17
VisualStudioVersion = 17.7.34009.444
MinimumVisualStudioVersion = 10.0.40219.1
Project("{FAE04EC0-301F-11D3-BF4B-00C04F79EFBC}") = "ContactsList", "ContactsList.csproj", "{B492FB70-FB65-4B25-88B8-8235677F30DB}"
EndProject
Global
	GlobalSection(SolutionConfigurationPlatforms) = preSolution
		Debug|Any CPU = Debug|Any CPU
		Release|Any CPU = Release|Any CPU
	EndGlobalSection
	GlobalSection(ProjectConfigurationPlatforms) = postSolution
		{B492FB70-FB65-4B25-88B8-8235677F30DB}.Debug|Any CPU.ActiveCfg = Debug|Any CPU
		{B492FB70-FB65-4B25-88B8-8235677F30DB}.Debug|Any CPU.Build.0 = Debug|Any CPU
		{B492FB70-FB65-4B25-88B8-8235677F30DB}.Release|Any CPU.ActiveCfg = Release|Any CPU
		{B492FB70-FB65-4B25-88B8-8235677F30DB}.Release|Any CPU.Build.0 = Release|Any CPU
	EndGlobalSection
	GlobalSection(SolutionProperties) = preSolution
		HideSolutionNode = FALSE
	EndGlobalSection
	GlobalSection(ExtensibilityGlobals) = postSolution
		SolutionGuid = {4D498554-C46A-4361-A91F-4C5EE51C3571}
	EndGlobalSection
EndGlobal
